<?xml version="1.0" encoding="utf-8"?>
<Project ToolsVersion="4.0" xmlns="http://schemas.microsoft.com/developer/msbuild/2003">
  <ItemGroup>
    <Filter Include="源文件">
      <UniqueIdentifier>{4FC737F1-C7A5-4376-A066-2A32D752A2FF}</UniqueIdentifier>
      <Extensions>cpp;c;cc;cxx;def;odl;idl;hpj;bat;asm;asmx</Extensions>
    </Filter>
    <Filter Include="头文件">
      <UniqueIdentifier>{93995380-89BD-4b04-88EB-625FBE52EBFB}</UniqueIdentifier>
      <Extensions>h;hh;hpp;hxx;hm;inl;inc;xsd</Extensions>
    </Filter>
    <Filter Include="资源文件">
      <UniqueIdentifier>{67DA6AB6-F800-4c08-8B7A-83BB121AAD01}</UniqueIdentifier>
      <Extensions>rc;ico;cur;bmp;dlg;rc2;rct;bin;rgs;gif;jpg;jpeg;jpe;resx;tiff;tif;png;wav;mfcribbon-ms</Extensions>
    </Filter>
    <Filter Include="头文件\Network">
      <UniqueIdentifier>{a157910f-c897-41b9-bd3b-29b558d28a2e}</UniqueIdentifier>
    </Filter>
    <Filter Include="Config">
      <UniqueIdentifier>{fad1a48f-90ba-420d-b952-b3df4e526ec3}</UniqueIdentifier>
    </Filter>
    <Filter Include="Log">
      <UniqueIdentifier>{ae2ae27b-a57d-47f7-9812-a91e249b046c}</UniqueIdentifier>
    </Filter>
    <Filter Include="Utility">
      <UniqueIdentifier>{fcf4db5a-5dd8-480d-a325-5e0f0c6a12bf}</UniqueIdentifier>
    </Filter>
    <Filter Include="format">
      <UniqueIdentifier>{4775f3ce-4857-4c4b-88a7-e96c504d96ec}</UniqueIdentifier>
    </Filter>
    <Filter Include="Threading">
      <UniqueIdentifier>{99e95465-dc35-4e6f-ac05-ac9c4219ad8d}</UniqueIdentifier>
    </Filter>
  </ItemGroup>
  <ItemGroup>
    <Text Include="ReadMe.txt" />
  </ItemGroup>
  <ItemGroup>
    <ClInclude Include="stdafx.h">
      <Filter>头文件</Filter>
    </ClInclude>
    <ClInclude Include="targetver.h">
      <Filter>头文件</Filter>
    </ClInclude>
    <ClInclude Include="define.h">
      <Filter>头文件</Filter>
    </ClInclude>
    <ClInclude Include="Timer.h">
      <Filter>头文件</Filter>
    </ClInclude>
    <ClInclude Include="AsyncAcceptor.h">
      <Filter>头文件\Network</Filter>
    </ClInclude>
    <ClInclude Include="MessageBuffer.h">
      <Filter>头文件\Network</Filter>
    </ClInclude>
    <ClInclude Include="NetworkThread.h">
      <Filter>头文件\Network</Filter>
    </ClInclude>
    <ClInclude Include="SocketMgr.h">
      <Filter>头文件\Network</Filter>
    </ClInclude>
    <ClInclude Include="Socket.h">
      <Filter>头文件\Network</Filter>
    </ClInclude>
    <ClInclude Include="common.h">
      <Filter>头文件</Filter>
    </ClInclude>
    <ClInclude Include="ByteBuffer.h">
      <Filter>头文件</Filter>
    </ClInclude>
    <ClInclude Include="ByteConverter.h">
      <Filter>头文件</Filter>
    </ClInclude>
    <ClInclude Include="Util.h">
      <Filter>头文件</Filter>
    </ClInclude>
    <ClInclude Include="WorldPacket.h">
      <Filter>头文件</Filter>
    </ClInclude>
    <ClInclude Include="Packet.h">
      <Filter>头文件</Filter>
    </ClInclude>
    <ClInclude Include="cmdcode.h">
      <Filter>头文件</Filter>
    </ClInclude>
    <ClInclude Include="Config\Config.h">
      <Filter>Config</Filter>
    </ClInclude>
    <ClInclude Include="Log\Log.h">
      <Filter>Log</Filter>
    </ClInclude>
    <ClInclude Include="Log\Appender.h">
      <Filter>Log</Filter>
    </ClInclude>
    <ClInclude Include="Log\Logger.h">
      <Filter>Log</Filter>
    </ClInclude>
    <ClInclude Include="Utility\Stringformat.h">
      <Filter>Utility</Filter>
    </ClInclude>
    <ClInclude Include="format\format.h">
      <Filter>format</Filter>
    </ClInclude>
    <ClInclude Include="Log\AppenderConsole.h">
      <Filter>Log</Filter>
    </ClInclude>
    <ClInclude Include="CompilerDefs.h">
      <Filter>头文件</Filter>
    </ClInclude>
    <ClInclude Include="Log\AppenderFile.h">
      <Filter>Log</Filter>
    </ClInclude>
    <ClInclude Include="Log\LogOperation.h">
      <Filter>Log</Filter>
    </ClInclude>
    <ClInclude Include="errors.h">
      <Filter>头文件</Filter>
    </ClInclude>
    <ClInclude Include="Threading\Callback.h">
      <Filter>Threading</Filter>
    </ClInclude>
    <ClInclude Include="Threading\ProcessPriority.h">
      <Filter>Threading</Filter>
    </ClInclude>
    <ClInclude Include="Threading\ProducerConsumerQueue.h">
      <Filter>Threading</Filter>
    </ClInclude>
    <ClInclude Include="Threading\LockedQueue.h">
      <Filter>Threading</Filter>
    </ClInclude>
    <ClInclude Include="GitRevision.h">
      <Filter>头文件</Filter>
    </ClInclude>
    <ClInclude Include="..\revision_data.h">
      <Filter>头文件</Filter>
    </ClInclude>
  </ItemGroup>
  <ItemGroup>
    <ClCompile Include="stdafx.cpp">
      <Filter>源文件</Filter>
    </ClCompile>
    <ClCompile Include="ByteBuffer.cpp">
      <Filter>源文件</Filter>
    </ClCompile>
    <ClCompile Include="util.cpp">
      <Filter>源文件</Filter>
    </ClCompile>
    <ClCompile Include="Config\Config.cpp">
      <Filter>Config</Filter>
    </ClCompile>
    <ClCompile Include="Log\Log.cpp">
      <Filter>Log</Filter>
    </ClCompile>
    <ClCompile Include="Log\Appender.cpp">
      <Filter>Log</Filter>
    </ClCompile>
    <ClCompile Include="Log\Logger.cpp">
      <Filter>Log</Filter>
    </ClCompile>
    <ClCompile Include="format\format.cpp">
      <Filter>format</Filter>
    </ClCompile>
    <ClCompile Include="Log\AppenderConsole.cpp">
      <Filter>Log</Filter>
    </ClCompile>
    <ClCompile Include="Log\AppenderFile.cpp">
      <Filter>Log</Filter>
    </ClCompile>
    <ClCompile Include="Log\LogOperation.cpp">
      <Filter>Log</Filter>
    </ClCompile>
    <ClCompile Include="GitRevision.cpp">
      <Filter>源文件</Filter>
    </ClCompile>
    <ClCompile Include="Log\Errors.cpp">
      <Filter>源文件</Filter>
    </ClCompile>
  </ItemGroup>
</Project>