// !$*UTF8*$!
{
	archiveVersion = 1;
	classes = {
	};
	objectVersion = 46;
	objects = {

/* Begin PBXBuildFile section */
		95DE25A61BA1D1DA00B7FD7F /* AsyncAcceptor.h in Headers */ = {isa = PBXBuildFile; fileRef = 95DE25911BA1D1DA00B7FD7F /* AsyncAcceptor.h */; };
		95DE25A71BA1D1DA00B7FD7F /* ByteBuffer.cpp in Sources */ = {isa = PBXBuildFile; fileRef = 95DE25921BA1D1DA00B7FD7F /* ByteBuffer.cpp */; };
		95DE25A81BA1D1DA00B7FD7F /* ByteBuffer.h in Headers */ = {isa = PBXBuildFile; fileRef = 95DE25931BA1D1DA00B7FD7F /* ByteBuffer.h */; };
		95DE25A91BA1D1DA00B7FD7F /* ByteConverter.h in Headers */ = {isa = PBXBuildFile; fileRef = 95DE25941BA1D1DA00B7FD7F /* ByteConverter.h */; };
		95DE25AA1BA1D1DA00B7FD7F /* cmdcode.h in Headers */ = {isa = PBXBuildFile; fileRef = 95DE25951BA1D1DA00B7FD7F /* cmdcode.h */; };
		95DE25AB1BA1D1DA00B7FD7F /* common.h in Headers */ = {isa = PBXBuildFile; fileRef = 95DE25961BA1D1DA00B7FD7F /* common.h */; };
		95DE25AC1BA1D1DA00B7FD7F /* define.h in Headers */ = {isa = PBXBuildFile; fileRef = 95DE25971BA1D1DA00B7FD7F /* define.h */; };
		95DE25AD1BA1D1DA00B7FD7F /* error.h in Headers */ = {isa = PBXBuildFile; fileRef = 95DE25981BA1D1DA00B7FD7F /* error.h */; };
		95DE25AE1BA1D1DA00B7FD7F /* LockedQueue.h in Headers */ = {isa = PBXBuildFile; fileRef = 95DE25991BA1D1DA00B7FD7F /* LockedQueue.h */; };
		95DE25AF1BA1D1DA00B7FD7F /* MessageBuffer.h in Headers */ = {isa = PBXBuildFile; fileRef = 95DE259A1BA1D1DA00B7FD7F /* MessageBuffer.h */; };
		95DE25B01BA1D1DA00B7FD7F /* NetworkThread.h in Headers */ = {isa = PBXBuildFile; fileRef = 95DE259B1BA1D1DA00B7FD7F /* NetworkThread.h */; };
		95DE25B11BA1D1DA00B7FD7F /* Packet.h in Headers */ = {isa = PBXBuildFile; fileRef = 95DE259C1BA1D1DA00B7FD7F /* Packet.h */; };
		95DE25B21BA1D1DA00B7FD7F /* Socket.h in Headers */ = {isa = PBXBuildFile; fileRef = 95DE259D1BA1D1DA00B7FD7F /* Socket.h */; };
		95DE25B31BA1D1DA00B7FD7F /* SocketMgr.h in Headers */ = {isa = PBXBuildFile; fileRef = 95DE259E1BA1D1DA00B7FD7F /* SocketMgr.h */; };
		95DE25B41BA1D1DA00B7FD7F /* stdafx.cpp in Sources */ = {isa = PBXBuildFile; fileRef = 95DE259F1BA1D1DA00B7FD7F /* stdafx.cpp */; };
		95DE25B51BA1D1DA00B7FD7F /* stdafx.h in Headers */ = {isa = PBXBuildFile; fileRef = 95DE25A01BA1D1DA00B7FD7F /* stdafx.h */; };
		95DE25B61BA1D1DA00B7FD7F /* targetver.h in Headers */ = {isa = PBXBuildFile; fileRef = 95DE25A11BA1D1DA00B7FD7F /* targetver.h */; };
		95DE25B71BA1D1DA00B7FD7F /* Timer.h in Headers */ = {isa = PBXBuildFile; fileRef = 95DE25A21BA1D1DA00B7FD7F /* Timer.h */; };
		95DE25B81BA1D1DA00B7FD7F /* util.cpp in Sources */ = {isa = PBXBuildFile; fileRef = 95DE25A31BA1D1DA00B7FD7F /* util.cpp */; };
		95DE25B91BA1D1DA00B7FD7F /* Util.h in Headers */ = {isa = PBXBuildFile; fileRef = 95DE25A41BA1D1DA00B7FD7F /* Util.h */; };
		95DE25BA1BA1D1DA00B7FD7F /* WorldPacket.h in Headers */ = {isa = PBXBuildFile; fileRef = 95DE25A51BA1D1DA00B7FD7F /* WorldPacket.h */; };
/* End PBXBuildFile section */

/* Begin PBXFileReference section */
		95DE25841BA1D19000B7FD7F /* libcommon.a */ = {isa = PBXFileReference; explicitFileType = archive.ar; includeInIndex = 0; path = libcommon.a; sourceTree = BUILT_PRODUCTS_DIR; };
		95DE25911BA1D1DA00B7FD7F /* AsyncAcceptor.h */ = {isa = PBXFileReference; fileEncoding = 4; lastKnownFileType = sourcecode.c.h; name = AsyncAcceptor.h; path = ../../Server/Common/AsyncAcceptor.h; sourceTree = "<group>"; };
		95DE25921BA1D1DA00B7FD7F /* ByteBuffer.cpp */ = {isa = PBXFileReference; fileEncoding = 4; lastKnownFileType = sourcecode.cpp.cpp; name = ByteBuffer.cpp; path = ../../Server/Common/ByteBuffer.cpp; sourceTree = "<group>"; };
		95DE25931BA1D1DA00B7FD7F /* ByteBuffer.h */ = {isa = PBXFileReference; fileEncoding = 4; lastKnownFileType = sourcecode.c.h; name = ByteBuffer.h; path = ../../Server/Common/ByteBuffer.h; sourceTree = "<group>"; };
		95DE25941BA1D1DA00B7FD7F /* ByteConverter.h */ = {isa = PBXFileReference; fileEncoding = 4; lastKnownFileType = sourcecode.c.h; name = ByteConverter.h; path = ../../Server/Common/ByteConverter.h; sourceTree = "<group>"; };
		95DE25951BA1D1DA00B7FD7F /* cmdcode.h */ = {isa = PBXFileReference; fileEncoding = 4; lastKnownFileType = sourcecode.c.h; name = cmdcode.h; path = ../../Server/Common/cmdcode.h; sourceTree = "<group>"; };
		95DE25961BA1D1DA00B7FD7F /* common.h */ = {isa = PBXFileReference; fileEncoding = 4; lastKnownFileType = sourcecode.c.h; name = common.h; path = ../../Server/Common/common.h; sourceTree = "<group>"; };
		95DE25971BA1D1DA00B7FD7F /* define.h */ = {isa = PBXFileReference; fileEncoding = 4; lastKnownFileType = sourcecode.c.h; name = define.h; path = ../../Server/Common/define.h; sourceTree = "<group>"; };
		95DE25981BA1D1DA00B7FD7F /* error.h */ = {isa = PBXFileReference; fileEncoding = 4; lastKnownFileType = sourcecode.c.h; name = error.h; path = ../../Server/Common/error.h; sourceTree = "<group>"; };
		95DE25991BA1D1DA00B7FD7F /* LockedQueue.h */ = {isa = PBXFileReference; fileEncoding = 4; lastKnownFileType = sourcecode.c.h; name = LockedQueue.h; path = ../../Server/Common/LockedQueue.h; sourceTree = "<group>"; };
		95DE259A1BA1D1DA00B7FD7F /* MessageBuffer.h */ = {isa = PBXFileReference; fileEncoding = 4; lastKnownFileType = sourcecode.c.h; name = MessageBuffer.h; path = ../../Server/Common/MessageBuffer.h; sourceTree = "<group>"; };
		95DE259B1BA1D1DA00B7FD7F /* NetworkThread.h */ = {isa = PBXFileReference; fileEncoding = 4; lastKnownFileType = sourcecode.c.h; name = NetworkThread.h; path = ../../Server/Common/NetworkThread.h; sourceTree = "<group>"; };
		95DE259C1BA1D1DA00B7FD7F /* Packet.h */ = {isa = PBXFileReference; fileEncoding = 4; lastKnownFileType = sourcecode.c.h; name = Packet.h; path = ../../Server/Common/Packet.h; sourceTree = "<group>"; };
		95DE259D1BA1D1DA00B7FD7F /* Socket.h */ = {isa = PBXFileReference; fileEncoding = 4; lastKnownFileType = sourcecode.c.h; name = Socket.h; path = ../../Server/Common/Socket.h; sourceTree = "<group>"; };
		95DE259E1BA1D1DA00B7FD7F /* SocketMgr.h */ = {isa = PBXFileReference; fileEncoding = 4; lastKnownFileType = sourcecode.c.h; name = SocketMgr.h; path = ../../Server/Common/SocketMgr.h; sourceTree = "<group>"; };
		95DE259F1BA1D1DA00B7FD7F /* stdafx.cpp */ = {isa = PBXFileReference; fileEncoding = 4; lastKnownFileType = sourcecode.cpp.cpp; name = stdafx.cpp; path = ../../Server/Common/stdafx.cpp; sourceTree = "<group>"; };
		95DE25A01BA1D1DA00B7FD7F /* stdafx.h */ = {isa = PBXFileReference; fileEncoding = 4; lastKnownFileType = sourcecode.c.h; name = stdafx.h; path = ../../Server/Common/stdafx.h; sourceTree = "<group>"; };
		95DE25A11BA1D1DA00B7FD7F /* targetver.h */ = {isa = PBXFileReference; fileEncoding = 4; lastKnownFileType = sourcecode.c.h; name = targetver.h; path = ../../Server/Common/targetver.h; sourceTree = "<group>"; };
		95DE25A21BA1D1DA00B7FD7F /* Timer.h */ = {isa = PBXFileReference; fileEncoding = 4; lastKnownFileType = sourcecode.c.h; name = Timer.h; path = ../../Server/Common/Timer.h; sourceTree = "<group>"; };
		95DE25A31BA1D1DA00B7FD7F /* util.cpp */ = {isa = PBXFileReference; fileEncoding = 4; lastKnownFileType = sourcecode.cpp.cpp; name = util.cpp; path = ../../Server/Common/util.cpp; sourceTree = "<group>"; };
		95DE25A41BA1D1DA00B7FD7F /* Util.h */ = {isa = PBXFileReference; fileEncoding = 4; lastKnownFileType = sourcecode.c.h; name = Util.h; path = ../../Server/Common/Util.h; sourceTree = "<group>"; };
		95DE25A51BA1D1DA00B7FD7F /* WorldPacket.h */ = {isa = PBXFileReference; fileEncoding = 4; lastKnownFileType = sourcecode.c.h; name = WorldPacket.h; path = ../../Server/Common/WorldPacket.h; sourceTree = "<group>"; };
/* End PBXFileReference section */

/* Begin PBXFrameworksBuildPhase section */
		95DE25811BA1D19000B7FD7F /* Frameworks */ = {
			isa = PBXFrameworksBuildPhase;
			buildActionMask = 2147483647;
			files = (
			);
			runOnlyForDeploymentPostprocessing = 0;
		};
/* End PBXFrameworksBuildPhase section */

/* Begin PBXGroup section */
		95DE257B1BA1D19000B7FD7F = {
			isa = PBXGroup;
			children = (
				95DE25BB1BA1D1FC00B7FD7F /* common */,
				95DE25851BA1D19000B7FD7F /* Products */,
			);
			sourceTree = "<group>";
		};
		95DE25851BA1D19000B7FD7F /* Products */ = {
			isa = PBXGroup;
			children = (
				95DE25841BA1D19000B7FD7F /* libcommon.a */,
			);
			name = Products;
			sourceTree = "<group>";
		};
		95DE25BB1BA1D1FC00B7FD7F /* common */ = {
			isa = PBXGroup;
			children = (
				95DE25911BA1D1DA00B7FD7F /* AsyncAcceptor.h */,
				95DE25921BA1D1DA00B7FD7F /* ByteBuffer.cpp */,
				95DE25931BA1D1DA00B7FD7F /* ByteBuffer.h */,
				95DE25941BA1D1DA00B7FD7F /* ByteConverter.h */,
				95DE25951BA1D1DA00B7FD7F /* cmdcode.h */,
				95DE25961BA1D1DA00B7FD7F /* common.h */,
				95DE25971BA1D1DA00B7FD7F /* define.h */,
				95DE25981BA1D1DA00B7FD7F /* error.h */,
				95DE25991BA1D1DA00B7FD7F /* LockedQueue.h */,
				95DE259A1BA1D1DA00B7FD7F /* MessageBuffer.h */,
				95DE259B1BA1D1DA00B7FD7F /* NetworkThread.h */,
				95DE259C1BA1D1DA00B7FD7F /* Packet.h */,
				95DE259D1BA1D1DA00B7FD7F /* Socket.h */,
				95DE259E1BA1D1DA00B7FD7F /* SocketMgr.h */,
				95DE259F1BA1D1DA00B7FD7F /* stdafx.cpp */,
				95DE25A01BA1D1DA00B7FD7F /* stdafx.h */,
				95DE25A11BA1D1DA00B7FD7F /* targetver.h */,
				95DE25A21BA1D1DA00B7FD7F /* Timer.h */,
				95DE25A31BA1D1DA00B7FD7F /* util.cpp */,
				95DE25A41BA1D1DA00B7FD7F /* Util.h */,
				95DE25A51BA1D1DA00B7FD7F /* WorldPacket.h */,
			);
			name = common;
			sourceTree = "<group>";
		};
/* End PBXGroup section */

/* Begin PBXHeadersBuildPhase section */
		95DE25821BA1D19000B7FD7F /* Headers */ = {
			isa = PBXHeadersBuildPhase;
			buildActionMask = 2147483647;
			files = (
				95DE25A81BA1D1DA00B7FD7F /* ByteBuffer.h in Headers */,
				95DE25AB1BA1D1DA00B7FD7F /* common.h in Headers */,
				95DE25AE1BA1D1DA00B7FD7F /* LockedQueue.h in Headers */,
				95DE25B01BA1D1DA00B7FD7F /* NetworkThread.h in Headers */,
				95DE25A61BA1D1DA00B7FD7F /* AsyncAcceptor.h in Headers */,
				95DE25AC1BA1D1DA00B7FD7F /* define.h in Headers */,
				95DE25B11BA1D1DA00B7FD7F /* Packet.h in Headers */,
				95DE25B21BA1D1DA00B7FD7F /* Socket.h in Headers */,
				95DE25AD1BA1D1DA00B7FD7F /* error.h in Headers */,
				95DE25BA1BA1D1DA00B7FD7F /* WorldPacket.h in Headers */,
				95DE25B31BA1D1DA00B7FD7F /* SocketMgr.h in Headers */,
				95DE25B51BA1D1DA00B7FD7F /* stdafx.h in Headers */,
				95DE25B61BA1D1DA00B7FD7F /* targetver.h in Headers */,
				95DE25AA1BA1D1DA00B7FD7F /* cmdcode.h in Headers */,
				95DE25AF1BA1D1DA00B7FD7F /* MessageBuffer.h in Headers */,
				95DE25B71BA1D1DA00B7FD7F /* Timer.h in Headers */,
				95DE25B91BA1D1DA00B7FD7F /* Util.h in Headers */,
				95DE25A91BA1D1DA00B7FD7F /* ByteConverter.h in Headers */,
			);
			runOnlyForDeploymentPostprocessing = 0;
		};
/* End PBXHeadersBuildPhase section */

/* Begin PBXNativeTarget section */
		95DE25831BA1D19000B7FD7F /* common */ = {
			isa = PBXNativeTarget;
			buildConfigurationList = 95DE25881BA1D19000B7FD7F /* Build configuration list for PBXNativeTarget "common" */;
			buildPhases = (
				95DE25801BA1D19000B7FD7F /* Sources */,
				95DE25811BA1D19000B7FD7F /* Frameworks */,
				95DE25821BA1D19000B7FD7F /* Headers */,
			);
			buildRules = (
			);
			dependencies = (
			);
			name = common;
			productName = common;
			productReference = 95DE25841BA1D19000B7FD7F /* libcommon.a */;
			productType = "com.apple.product-type.library.static";
		};
/* End PBXNativeTarget section */

/* Begin PBXProject section */
		95DE257C1BA1D19000B7FD7F /* Project object */ = {
			isa = PBXProject;
			attributes = {
				LastUpgradeCheck = 0640;
				ORGANIZATIONNAME = Tornadocean;
				TargetAttributes = {
					95DE25831BA1D19000B7FD7F = {
						CreatedOnToolsVersion = 6.4;
					};
				};
			};
			buildConfigurationList = 95DE257F1BA1D19000B7FD7F /* Build configuration list for PBXProject "common" */;
			compatibilityVersion = "Xcode 3.2";
			developmentRegion = English;
			hasScannedForEncodings = 0;
			knownRegions = (
				en,
			);
			mainGroup = 95DE257B1BA1D19000B7FD7F;
			productRefGroup = 95DE25851BA1D19000B7FD7F /* Products */;
			projectDirPath = "";
			projectRoot = "";
			targets = (
				95DE25831BA1D19000B7FD7F /* common */,
			);
		};
/* End PBXProject section */

/* Begin PBXSourcesBuildPhase section */
		95DE25801BA1D19000B7FD7F /* Sources */ = {
			isa = PBXSourcesBuildPhase;
			buildActionMask = 2147483647;
			files = (
				95DE25A71BA1D1DA00B7FD7F /* ByteBuffer.cpp in Sources */,
				95DE25B41BA1D1DA00B7FD7F /* stdafx.cpp in Sources */,
				95DE25B81BA1D1DA00B7FD7F /* util.cpp in Sources */,
			);
			runOnlyForDeploymentPostprocessing = 0;
		};
/* End PBXSourcesBuildPhase section */

/* Begin XCBuildConfiguration section */
		95DE25861BA1D19000B7FD7F /* Debug */ = {
			isa = XCBuildConfiguration;
			buildSettings = {
				ALWAYS_SEARCH_USER_PATHS = NO;
				CLANG_CXX_LANGUAGE_STANDARD = "gnu++0x";
				CLANG_CXX_LIBRARY = "libc++";
				CLANG_ENABLE_MODULES = YES;
				CLANG_ENABLE_OBJC_ARC = YES;
				CLANG_WARN_BOOL_CONVERSION = YES;
				CLANG_WARN_CONSTANT_CONVERSION = YES;
				CLANG_WARN_DIRECT_OBJC_ISA_USAGE = YES_ERROR;
				CLANG_WARN_EMPTY_BODY = YES;
				CLANG_WARN_ENUM_CONVERSION = YES;
				CLANG_WARN_INT_CONVERSION = YES;
				CLANG_WARN_OBJC_ROOT_CLASS = YES_ERROR;
				CLANG_WARN_UNREACHABLE_CODE = YES;
				CLANG_WARN__DUPLICATE_METHOD_MATCH = YES;
				COPY_PHASE_STRIP = NO;
				DEBUG_INFORMATION_FORMAT = dwarf;
				ENABLE_STRICT_OBJC_MSGSEND = YES;
				GCC_C_LANGUAGE_STANDARD = gnu99;
				GCC_DYNAMIC_NO_PIC = NO;
				GCC_NO_COMMON_BLOCKS = YES;
				GCC_OPTIMIZATION_LEVEL = 0;
				GCC_PREPROCESSOR_DEFINITIONS = (
					"DEBUG=1",
					"$(inherited)",
				);
				GCC_SYMBOLS_PRIVATE_EXTERN = NO;
				GCC_WARN_64_TO_32_BIT_CONVERSION = YES;
				GCC_WARN_ABOUT_RETURN_TYPE = YES_ERROR;
				GCC_WARN_UNDECLARED_SELECTOR = YES;
				GCC_WARN_UNINITIALIZED_AUTOS = YES_AGGRESSIVE;
				GCC_WARN_UNUSED_FUNCTION = YES;
				GCC_WARN_UNUSED_VARIABLE = YES;
				MACOSX_DEPLOYMENT_TARGET = 10.10;
				MTL_ENABLE_DEBUG_INFO = YES;
				ONLY_ACTIVE_ARCH = YES;
				SDKROOT = macosx;
			};
			name = Debug;
		};
		95DE25871BA1D19000B7FD7F /* Release */ = {
			isa = XCBuildConfiguration;
			buildSettings = {
				ALWAYS_SEARCH_USER_PATHS = NO;
				CLANG_CXX_LANGUAGE_STANDARD = "gnu++0x";
				CLANG_CXX_LIBRARY = "libc++";
				CLANG_ENABLE_MODULES = YES;
				CLANG_ENABLE_OBJC_ARC = YES;
				CLANG_WARN_BOOL_CONVERSION = YES;
				CLANG_WARN_CONSTANT_CONVERSION = YES;
				CLANG_WARN_DIRECT_OBJC_ISA_USAGE = YES_ERROR;
				CLANG_WARN_EMPTY_BODY = YES;
				CLANG_WARN_ENUM_CONVERSION = YES;
				CLANG_WARN_INT_CONVERSION = YES;
				CLANG_WARN_OBJC_ROOT_CLASS = YES_ERROR;
				CLANG_WARN_UNREACHABLE_CODE = YES;
				CLANG_WARN__DUPLICATE_METHOD_MATCH = YES;
				COPY_PHASE_STRIP = NO;
				DEBUG_INFORMATION_FORMAT = "dwarf-with-dsym";
				ENABLE_NS_ASSERTIONS = NO;
				ENABLE_STRICT_OBJC_MSGSEND = YES;
				GCC_C_LANGUAGE_STANDARD = gnu99;
				GCC_NO_COMMON_BLOCKS = YES;
				GCC_WARN_64_TO_32_BIT_CONVERSION = YES;
				GCC_WARN_ABOUT_RETURN_TYPE = YES_ERROR;
				GCC_WARN_UNDECLARED_SELECTOR = YES;
				GCC_WARN_UNINITIALIZED_AUTOS = YES_AGGRESSIVE;
				GCC_WARN_UNUSED_FUNCTION = YES;
				GCC_WARN_UNUSED_VARIABLE = YES;
				MACOSX_DEPLOYMENT_TARGET = 10.10;
				MTL_ENABLE_DEBUG_INFO = NO;
				SDKROOT = macosx;
			};
			name = Release;
		};
		95DE25891BA1D19000B7FD7F /* Debug */ = {
			isa = XCBuildConfiguration;
			buildSettings = {
				EXECUTABLE_PREFIX = lib;
				HEADER_SEARCH_PATHS = (
					"$(inherited)",
					/Applications/Xcode.app/Contents/Developer/Toolchains/XcodeDefault.xctoolchain/usr/include,
					/Users/Tornado/Code/boost_inc/include,
				);
				LIBRARY_SEARCH_PATHS = /Users/Tornado/Code/boost_inc/lib;
				PRODUCT_NAME = "$(TARGET_NAME)";
			};
			name = Debug;
		};
		95DE258A1BA1D19000B7FD7F /* Release */ = {
			isa = XCBuildConfiguration;
			buildSettings = {
				EXECUTABLE_PREFIX = lib;
				HEADER_SEARCH_PATHS = (
					"$(inherited)",
					/Applications/Xcode.app/Contents/Developer/Toolchains/XcodeDefault.xctoolchain/usr/include,
					/Users/Tornado/Code/boost_inc/include,
				);
				LIBRARY_SEARCH_PATHS = /Users/Tornado/Code/boost_inc/lib;
				PRODUCT_NAME = "$(TARGET_NAME)";
			};
			name = Release;
		};
/* End XCBuildConfiguration section */

/* Begin XCConfigurationList section */
		95DE257F1BA1D19000B7FD7F /* Build configuration list for PBXProject "common" */ = {
			isa = XCConfigurationList;
			buildConfigurations = (
				95DE25861BA1D19000B7FD7F /* Debug */,
				95DE25871BA1D19000B7FD7F /* Release */,
			);
			defaultConfigurationIsVisible = 0;
			defaultConfigurationName = Release;
		};
		95DE25881BA1D19000B7FD7F /* Build configuration list for PBXNativeTarget "common" */ = {
			isa = XCConfigurationList;
			buildConfigurations = (
				95DE25891BA1D19000B7FD7F /* Debug */,
				95DE258A1BA1D19000B7FD7F /* Release */,
			);
			defaultConfigurationIsVisible = 0;
		};
/* End XCConfigurationList section */
	};
	rootObject = 95DE257C1BA1D19000B7FD7F /* Project object */;
}
